
Microsoft Visual Studio Solution File, Format Version 12.00
# Visual Studio 2012
Project("{2857B73E-F847-4B02-9238-064979017E93}") = "Complex", "Complex.cproj", "{01E45EFD-6875-4614-8031-98E2440535FD}"
EndProject
Global
	GlobalSection(SolutionConfigurationPlatforms) = preSolution
		Debug|Any CPU = Debug|Any CPU
		Release|Any CPU = Release|Any CPU
	EndGlobalSection
	GlobalSection(ProjectConfigurationPlatforms) = postSolution
		{01E45EFD-6875-4614-8031-98E2440535FD}.Debug|Any CPU.ActiveCfg = Debug|Any CPU
		{01E45EFD-6875-4614-8031-98E2440535FD}.Debug|Any CPU.Build.0 = Debug|Any CPU
		{01E45EFD-6875-4614-8031-98E2440535FD}.Release|Any CPU.ActiveCfg = Release|Any CPU
		{01E45EFD-6875-4614-8031-98E2440535FD}.Release|Any CPU.Build.0 = Release|Any CPU
	EndGlobalSection
EndGlobal
